<?xml version="1.0" encoding="utf-8"?>
<Project ToolsVersion="4.0" xmlns="http://schemas.microsoft.com/developer/msbuild/2003">
  <ItemGroup>
    <Filter Include="Windows">
      <UniqueIdentifier>{0f89c3ce-027b-45d2-a8bd-a4959021fda4}</UniqueIdentifier>
    </Filter>
    <Filter Include="Windows\Resources">
      <UniqueIdentifier>{06b77000-97db-42b7-98be-28face163d78}</UniqueIdentifier>
    </Filter>
    <Filter Include="Windows\Codes">
      <UniqueIdentifier>{5ac750f9-6d55-4e6b-94dc-c614ddee6c89}</UniqueIdentifier>
    </Filter>
    <Filter Include="Windows\Headers">
      <UniqueIdentifier>{af4a001f-21e4-4390-b424-e19ed6875ca4}</UniqueIdentifier>
    </Filter>
    <Filter Include="Engine">
      <UniqueIdentifier>{57c19d1e-859a-4e11-b34c-75fdbf0230bf}</UniqueIdentifier>
    </Filter>
    <Filter Include="Engine\High Level Interface">
      <UniqueIdentifier>{b8d6bed7-1817-4993-a3f5-612a97649f11}</UniqueIdentifier>
    </Filter>
    <Filter Include="Engine\Common">
      <UniqueIdentifier>{9ce298b1-7102-43de-a08d-872a86886eb4}</UniqueIdentifier>
    </Filter>
    <Filter Include="Input">
      <UniqueIdentifier>{def929c1-5c21-4559-8b33-bab792014625}</UniqueIdentifier>
    </Filter>
    <Filter Include="Engine\Time">
      <UniqueIdentifier>{fce7ffba-c80e-438f-b9d3-eb253a81e2c7}</UniqueIdentifier>
    </Filter>
    <Filter Include="Objects">
      <UniqueIdentifier>{efc5be69-63ff-4528-9c33-13a58360f5ff}</UniqueIdentifier>
    </Filter>
  </ItemGroup>
  <ItemGroup>
    <ClInclude Include="AdventureIsland.h">
      <Filter>Windows\Headers</Filter>
    </ClInclude>
    <ClInclude Include="framework.h">
      <Filter>Windows\Headers</Filter>
    </ClInclude>
    <ClInclude Include="Resource.h">
      <Filter>Windows\Headers</Filter>
    </ClInclude>
    <ClInclude Include="targetver.h">
      <Filter>Windows\Headers</Filter>
    </ClInclude>
    <ClInclude Include="Application.h">
      <Filter>Engine\High Level Interface</Filter>
    </ClInclude>
    <ClInclude Include="CommonInclude.h">
      <Filter>Engine\Common</Filter>
    </ClInclude>
    <ClInclude Include="math_thing.h">
      <Filter>Engine\Common</Filter>
    </ClInclude>
    <ClInclude Include="Input.h">
      <Filter>Input</Filter>
    </ClInclude>
    <ClInclude Include="Time.h">
      <Filter>Engine\Time</Filter>
    </ClInclude>
    <ClInclude Include="Ball.h" />
  </ItemGroup>
  <ItemGroup>
    <Image Include="AdventureIsland.ico">
      <Filter>Windows\Resources</Filter>
    </Image>
    <Image Include="small.ico">
      <Filter>Windows\Resources</Filter>
    </Image>
    <Image Include="icon1.ico" />
  </ItemGroup>
  <ItemGroup>
    <ResourceCompile Include="AdventureIsland.rc">
      <Filter>Windows\Resources</Filter>
    </ResourceCompile>
  </ItemGroup>
  <ItemGroup>
    <ClCompile Include="AdventureIsland.cpp">
      <Filter>Windows\Codes</Filter>
    </ClCompile>
    <ClCompile Include="Application.cpp">
      <Filter>Engine\High Level Interface</Filter>
    </ClCompile>
    <ClCompile Include="Input.cpp">
      <Filter>Input</Filter>
    </ClCompile>
    <ClCompile Include="Time.cpp">
      <Filter>Engine\Time</Filter>
    </ClCompile>
    <ClCompile Include="Ball.cpp" />
  </ItemGroup>
</Project>