<?xml version="1.0" encoding="utf-8"?>
<Project ToolsVersion="4.0" xmlns="http://schemas.microsoft.com/developer/msbuild/2003">
  <ItemGroup>
    <Filter Include="Windows">
      <UniqueIdentifier>{58ec4708-7e61-4c0e-8935-8d59fc633b2e}</UniqueIdentifier>
    </Filter>
    <Filter Include="Windows\Header">
      <UniqueIdentifier>{37e18be1-b2b6-4e8b-8671-83601d11c24a}</UniqueIdentifier>
    </Filter>
    <Filter Include="Windows\Resource">
      <UniqueIdentifier>{69d1f3b0-9aec-4314-96f6-4850e700ad8a}</UniqueIdentifier>
    </Filter>
    <Filter Include="Engine">
      <UniqueIdentifier>{8ae76d58-ef78-4aa4-8ecc-5f410c645d29}</UniqueIdentifier>
    </Filter>
    <Filter Include="Engine\CommonInclude">
      <UniqueIdentifier>{137d7a4e-e028-428d-b949-69f74f211d1a}</UniqueIdentifier>
    </Filter>
    <Filter Include="Engine\Scene">
      <UniqueIdentifier>{9a60c56a-73c7-4ac4-bf61-d93242025b84}</UniqueIdentifier>
    </Filter>
    <Filter Include="Engine\Layer">
      <UniqueIdentifier>{4999fe60-e4ae-4927-b0c0-277c849a291d}</UniqueIdentifier>
    </Filter>
    <Filter Include="Engine\Input">
      <UniqueIdentifier>{644707dc-2ce4-4ba4-8e0f-4a4f739a3c88}</UniqueIdentifier>
    </Filter>
    <Filter Include="Engine\HIgh Level Interface">
      <UniqueIdentifier>{4a6c47cf-ef34-4720-9bce-5ad239856d3b}</UniqueIdentifier>
    </Filter>
    <Filter Include="Engine\Entity">
      <UniqueIdentifier>{09fd93e1-5afa-46ae-b50d-6072c5a7f81c}</UniqueIdentifier>
    </Filter>
    <Filter Include="Engine\Component">
      <UniqueIdentifier>{b0d4dbad-c337-4c39-bb1c-b5941f4b535e}</UniqueIdentifier>
    </Filter>
    <Filter Include="Engine\Component\SpriteRenderer">
      <UniqueIdentifier>{bf8f3038-30f6-435f-9151-58066458a6f1}</UniqueIdentifier>
    </Filter>
    <Filter Include="Contents">
      <UniqueIdentifier>{316aae36-e5c6-4120-ab0e-288f998601e3}</UniqueIdentifier>
    </Filter>
    <Filter Include="Contents\Scene">
      <UniqueIdentifier>{6a8e3511-bca6-4521-beb1-8c310b9862b5}</UniqueIdentifier>
    </Filter>
    <Filter Include="Contents\GameObject">
      <UniqueIdentifier>{ac86876d-09c7-4490-943d-7044b2b1e1c5}</UniqueIdentifier>
    </Filter>
    <Filter Include="Contents\GameObject\Player">
      <UniqueIdentifier>{ce01551d-13ef-47fd-aeec-8782179ffa81}</UniqueIdentifier>
    </Filter>
    <Filter Include="Engine\Component\Transform">
      <UniqueIdentifier>{97f5e6e4-c22a-42a3-8171-757e7e4c9f76}</UniqueIdentifier>
    </Filter>
    <Filter Include="Engine\GameObject">
      <UniqueIdentifier>{b7c1a0df-9335-4f25-88cc-8d7c8e1841d7}</UniqueIdentifier>
    </Filter>
    <Filter Include="Engine\CommonInclude\Time">
      <UniqueIdentifier>{1ac038a7-c85c-46d8-92f0-ace3828af515}</UniqueIdentifier>
    </Filter>
    <Filter Include="Engine\Resource">
      <UniqueIdentifier>{57f9bdde-3012-42b5-ab75-98d18e6fd4c2}</UniqueIdentifier>
    </Filter>
    <Filter Include="Contents\GameObject\BackGround">
      <UniqueIdentifier>{58437397-bd26-46fd-a2f8-897d60d3847c}</UniqueIdentifier>
    </Filter>
    <Filter Include="Engine\Component\Animator">
      <UniqueIdentifier>{8b7e3ad4-b7f6-4385-b646-dc55bc77c0d7}</UniqueIdentifier>
    </Filter>
    <Filter Include="Engine\Resource\Animation">
      <UniqueIdentifier>{ca915eda-ed45-46d9-906d-727987b2fdcf}</UniqueIdentifier>
    </Filter>
    <Filter Include="Engine\Camera">
      <UniqueIdentifier>{2cc24a19-6fe1-4d18-80ef-91237ffa1a9c}</UniqueIdentifier>
    </Filter>
    <Filter Include="Engine\Collider">
      <UniqueIdentifier>{fd0ffa9b-b6b6-46b1-b65d-44d4acf4c023}</UniqueIdentifier>
    </Filter>
    <Filter Include="Engine\Collision">
      <UniqueIdentifier>{2eec07dc-e54a-40bc-bdd1-f5571605daee}</UniqueIdentifier>
    </Filter>
    <Filter Include="Contents\GameObject\Interaction">
      <UniqueIdentifier>{4a8ae14a-4b2a-4f30-9e3e-e730f0dd5adf}</UniqueIdentifier>
    </Filter>
    <Filter Include="Contents\GameObject\Monster">
      <UniqueIdentifier>{f00e0416-73a2-4043-be00-f9defb9439d7}</UniqueIdentifier>
    </Filter>
    <Filter Include="Engine\Component\Rigidbody">
      <UniqueIdentifier>{9d5e03bd-a454-4233-b0ee-1c03b143f33d}</UniqueIdentifier>
    </Filter>
    <Filter Include="Engine\Resource\Texture">
      <UniqueIdentifier>{1c1b9d7a-4737-4df3-b170-07d2b1513cfb}</UniqueIdentifier>
    </Filter>
    <Filter Include="Tool">
      <UniqueIdentifier>{0072bd84-deb9-4dd7-a5b1-6753876146b7}</UniqueIdentifier>
    </Filter>
    <Filter Include="Engine\Sound">
      <UniqueIdentifier>{c0660d9c-7559-47f7-b007-75f76697f38a}</UniqueIdentifier>
    </Filter>
    <Filter Include="Contents\GameObject\UI">
      <UniqueIdentifier>{04d767b7-8f56-4124-8669-a14aae43e8a2}</UniqueIdentifier>
    </Filter>
    <Filter Include="Contents\GameObject\NPC">
      <UniqueIdentifier>{efa3762f-2b5f-421d-9a38-dc27983abbd6}</UniqueIdentifier>
    </Filter>
    <Filter Include="Contents\GameObject\BossMonster">
      <UniqueIdentifier>{00440ee3-172c-472e-8823-3f0cf75e9dfb}</UniqueIdentifier>
    </Filter>
    <Filter Include="Contents\GameObject\Sound">
      <UniqueIdentifier>{74df6684-4c5d-4e18-bab6-39f925863f1b}</UniqueIdentifier>
    </Filter>
  </ItemGroup>
  <ItemGroup>
    <ClInclude Include="framework.h">
      <Filter>Windows\Header</Filter>
    </ClInclude>
    <ClInclude Include="GameProject.h">
      <Filter>Windows\Header</Filter>
    </ClInclude>
    <ClInclude Include="Resource.h">
      <Filter>Windows\Header</Filter>
    </ClInclude>
    <ClInclude Include="targetver.h">
      <Filter>Windows\Header</Filter>
    </ClInclude>
    <ClInclude Include="yhMath.h">
      <Filter>Engine\CommonInclude</Filter>
    </ClInclude>
    <ClInclude Include="CommonInclude.h">
      <Filter>Engine\CommonInclude</Filter>
    </ClInclude>
    <ClInclude Include="yhTime.h">
      <Filter>Engine\CommonInclude\Time</Filter>
    </ClInclude>
    <ClInclude Include="yhApplication.h">
      <Filter>Engine\HIgh Level Interface</Filter>
    </ClInclude>
    <ClInclude Include="yhInput.h">
      <Filter>Engine\Input</Filter>
    </ClInclude>
    <ClInclude Include="yhEntity.h">
      <Filter>Engine\Entity</Filter>
    </ClInclude>
    <ClInclude Include="yhLayer.h">
      <Filter>Engine\Layer</Filter>
    </ClInclude>
    <ClInclude Include="yhScene.h">
      <Filter>Engine\Scene</Filter>
    </ClInclude>
    <ClInclude Include="yhComponent.h">
      <Filter>Engine\Component</Filter>
    </ClInclude>
    <ClInclude Include="yhTransform.h">
      <Filter>Engine\Component\Transform</Filter>
    </ClInclude>
    <ClInclude Include="yhSpriteRenderer.h">
      <Filter>Engine\Component\SpriteRenderer</Filter>
    </ClInclude>
    <ClInclude Include="yhPlayer.h">
      <Filter>Contents\GameObject\Player</Filter>
    </ClInclude>
    <ClInclude Include="yhTitle.h">
      <Filter>Contents\Scene</Filter>
    </ClInclude>
    <ClInclude Include="yhSceneManager.h">
      <Filter>Engine\Scene</Filter>
    </ClInclude>
    <ClInclude Include="yhPlay.h">
      <Filter>Contents\Scene</Filter>
    </ClInclude>
    <ClInclude Include="yhSceneChanger.h">
      <Filter>Contents\GameObject</Filter>
    </ClInclude>
    <ClInclude Include="yhHouse.h">
      <Filter>Contents\Scene</Filter>
    </ClInclude>
    <ClInclude Include="yhGameObject.h">
      <Filter>Engine\GameObject</Filter>
    </ClInclude>
    <ClInclude Include="yhResource.h">
      <Filter>Engine\Resource</Filter>
    </ClInclude>
    <ClInclude Include="yhResources.h">
      <Filter>Engine\Resource</Filter>
    </ClInclude>
    <ClInclude Include="yhTexture.h">
      <Filter>Engine\Resource\Texture</Filter>
    </ClInclude>
    <ClInclude Include="yhBackGround.h">
      <Filter>Contents\GameObject\BackGround</Filter>
    </ClInclude>
    <ClInclude Include="yhAnimation.h">
      <Filter>Engine\Resource\Animation</Filter>
    </ClInclude>
    <ClInclude Include="yhAnimator.h">
      <Filter>Engine\Component\Animator</Filter>
    </ClInclude>
    <ClInclude Include="yhCamera.h">
      <Filter>Engine\Camera</Filter>
    </ClInclude>
    <ClInclude Include="yhObject.h">
      <Filter>Engine\GameObject</Filter>
    </ClInclude>
    <ClInclude Include="yhTitleAnimation.h">
      <Filter>Contents\Scene</Filter>
    </ClInclude>
    <ClInclude Include="yhBackGroundAnimation.h">
      <Filter>Contents\GameObject\BackGround</Filter>
    </ClInclude>
    <ClInclude Include="yhFadeInBackground.h">
      <Filter>Contents\GameObject\BackGround</Filter>
    </ClInclude>
    <ClInclude Include="yhSwordBG.h">
      <Filter>Contents\GameObject\BackGround</Filter>
    </ClInclude>
    <ClInclude Include="yhCollider.h">
      <Filter>Engine\Collider</Filter>
    </ClInclude>
    <ClInclude Include="yhCollisionManager.h">
      <Filter>Engine\Collision</Filter>
    </ClInclude>
    <ClInclude Include="yhPlayerSword.h">
      <Filter>Contents\GameObject\Player</Filter>
    </ClInclude>
    <ClInclude Include="yhPlayerShield.h">
      <Filter>Contents\GameObject\Player</Filter>
    </ClInclude>
    <ClInclude Include="yhObstacle.h">
      <Filter>Contents\GameObject\Interaction</Filter>
    </ClInclude>
    <ClInclude Include="yhPitFall.h">
      <Filter>Contents\GameObject\Interaction</Filter>
    </ClInclude>
    <ClInclude Include="yhRigidbody.h">
      <Filter>Engine\Component\Rigidbody</Filter>
    </ClInclude>
    <ClInclude Include="yhToolScene.h">
      <Filter>Contents\Scene</Filter>
    </ClInclude>
    <ClInclude Include="yhTile.h">
      <Filter>Tool</Filter>
    </ClInclude>
    <ClInclude Include="yhGreenKnight.h">
      <Filter>Contents\GameObject\Monster</Filter>
    </ClInclude>
    <ClInclude Include="yhSound.h">
      <Filter>Engine\Sound</Filter>
    </ClInclude>
    <ClInclude Include="yhSoundManager.h">
      <Filter>Engine\Sound</Filter>
    </ClInclude>
    <ClInclude Include="yhMana.h">
      <Filter>Contents\GameObject\UI</Filter>
    </ClInclude>
    <ClInclude Include="yhWall.h">
      <Filter>Contents\GameObject\Interaction</Filter>
    </ClInclude>
    <ClInclude Include="yhManaPoint.h">
      <Filter>Contents\GameObject\Interaction</Filter>
    </ClInclude>
    <ClInclude Include="yhThrowing.h">
      <Filter>Contents\GameObject\Player</Filter>
    </ClInclude>
    <ClInclude Include="yhHpInterface.h">
      <Filter>Contents\GameObject\UI</Filter>
    </ClInclude>
    <ClInclude Include="yhPlayerTemplate.h">
      <Filter>Contents\Scene</Filter>
    </ClInclude>
    <ClInclude Include="yhLifeUI.h">
      <Filter>Contents\GameObject\UI</Filter>
    </ClInclude>
    <ClInclude Include="yhArrow.h">
      <Filter>Contents\GameObject\UI</Filter>
    </ClInclude>
    <ClInclude Include="yhBomb.h">
      <Filter>Contents\GameObject\UI</Filter>
    </ClInclude>
    <ClInclude Include="yhRupeeUI.h">
      <Filter>Contents\GameObject\UI</Filter>
    </ClInclude>
    <ClInclude Include="yhCurItem.h">
      <Filter>Contents\GameObject\UI</Filter>
    </ClInclude>
    <ClInclude Include="yhNumber.h">
      <Filter>Contents\GameObject\UI</Filter>
    </ClInclude>
    <ClInclude Include="yhBasicUITemplate.h">
      <Filter>Contents\GameObject\Interaction</Filter>
    </ClInclude>
    <ClInclude Include="yhAsciiRender.h">
      <Filter>Contents\GameObject\Interaction</Filter>
    </ClInclude>
    <ClInclude Include="yhGrass.h">
      <Filter>Contents\GameObject\Interaction</Filter>
    </ClInclude>
    <ClInclude Include="yhNearHouseScene.h">
      <Filter>Contents\Scene</Filter>
    </ClInclude>
    <ClInclude Include="yhInsideCastleFirst.h">
      <Filter>Contents\Scene</Filter>
    </ClInclude>
    <ClInclude Include="yhInsideCastleSecond.h">
      <Filter>Contents\Scene</Filter>
    </ClInclude>
    <ClInclude Include="yhMapChanger.h">
      <Filter>Contents\GameObject\Interaction</Filter>
    </ClInclude>
    <ClInclude Include="yhStair.h">
      <Filter>Contents\GameObject\Interaction</Filter>
    </ClInclude>
    <ClInclude Include="yhStep.h">
      <Filter>Contents\GameObject\Interaction</Filter>
    </ClInclude>
    <ClInclude Include="yhInsideCastleThird.h">
      <Filter>Contents\Scene</Filter>
    </ClInclude>
    <ClInclude Include="yhGrandpa.h">
      <Filter>Contents\GameObject\NPC</Filter>
    </ClInclude>
    <ClInclude Include="yhGetSwordScene.h">
      <Filter>Contents\Scene</Filter>
    </ClInclude>
    <ClInclude Include="yhInventory.h">
      <Filter>Contents\GameObject\UI</Filter>
    </ClInclude>
    <ClInclude Include="yhBoomerang.h">
      <Filter>Contents\GameObject\Player</Filter>
    </ClInclude>
    <ClInclude Include="yhMonsterTemplate.h">
      <Filter>Contents\GameObject\Monster</Filter>
    </ClInclude>
    <ClInclude Include="yhBlueKnight.h">
      <Filter>Contents\GameObject\Monster</Filter>
    </ClInclude>
    <ClInclude Include="yhGroundSword.h">
      <Filter>Contents\GameObject\Interaction</Filter>
    </ClInclude>
    <ClInclude Include="yhEmptyGrass.h">
      <Filter>Contents\GameObject\Interaction</Filter>
    </ClInclude>
    <ClInclude Include="yhArrowProjectile.h">
      <Filter>Contents\GameObject\Interaction</Filter>
    </ClInclude>
    <ClInclude Include="yhPlayerGrass.h">
      <Filter>Contents\GameObject\Interaction</Filter>
    </ClInclude>
    <ClInclude Include="yhArrghus.h">
      <Filter>Contents\GameObject\BossMonster</Filter>
    </ClInclude>
    <ClInclude Include="yhClutch.h">
      <Filter>Contents\GameObject\Player</Filter>
    </ClInclude>
    <ClInclude Include="yhArrghusScene.h">
      <Filter>Contents\Scene</Filter>
    </ClInclude>
    <ClInclude Include="yhClutchParts.h">
      <Filter>Contents\GameObject\Player</Filter>
    </ClInclude>
    <ClInclude Include="yhArrghusPiece.h">
      <Filter>Contents\GameObject\BossMonster</Filter>
    </ClInclude>
    <ClInclude Include="yhHeartContainer.h">
      <Filter>Contents\GameObject\Interaction</Filter>
    </ClInclude>
    <ClInclude Include="yhChicken.h">
      <Filter>Contents\GameObject\Monster</Filter>
    </ClInclude>
    <ClInclude Include="yhArrghusShadow.h">
      <Filter>Contents\GameObject\BossMonster</Filter>
    </ClInclude>
    <ClInclude Include="yhGanonScene.h">
      <Filter>Contents\Scene</Filter>
    </ClInclude>
    <ClInclude Include="yhGanon.h">
      <Filter>Contents\GameObject\BossMonster</Filter>
    </ClInclude>
    <ClInclude Include="yhGanonFireBats.h">
      <Filter>Contents\GameObject\BossMonster</Filter>
    </ClInclude>
    <ClInclude Include="yhGanonTrident.h">
      <Filter>Contents\GameObject\BossMonster</Filter>
    </ClInclude>
    <ClInclude Include="yhBatsFlame.h">
      <Filter>Contents\GameObject\BossMonster</Filter>
    </ClInclude>
    <ClInclude Include="yhBgmManager.h">
      <Filter>Contents\GameObject\Sound</Filter>
    </ClInclude>
    <ClInclude Include="yhZelda.h">
      <Filter>Contents\GameObject\NPC</Filter>
    </ClInclude>
    <ClInclude Include="yhEndingScene.h">
      <Filter>Contents\Scene</Filter>
    </ClInclude>
  </ItemGroup>
  <ItemGroup>
    <Image Include="GameProject.ico">
      <Filter>Windows\Resource</Filter>
    </Image>
    <Image Include="small.ico">
      <Filter>Windows\Resource</Filter>
    </Image>
  </ItemGroup>
  <ItemGroup>
    <ResourceCompile Include="GameProject.rc">
      <Filter>Windows\Resource</Filter>
    </ResourceCompile>
  </ItemGroup>
  <ItemGroup>
    <ClCompile Include="main.cpp" />
    <ClCompile Include="yhTime.cpp">
      <Filter>Engine\CommonInclude\Time</Filter>
    </ClCompile>
    <ClCompile Include="yhApplication.cpp">
      <Filter>Engine\HIgh Level Interface</Filter>
    </ClCompile>
    <ClCompile Include="yhInput.cpp">
      <Filter>Engine\Input</Filter>
    </ClCompile>
    <ClCompile Include="yhEntity.cpp">
      <Filter>Engine\Entity</Filter>
    </ClCompile>
    <ClCompile Include="yhLayer.cpp">
      <Filter>Engine\Layer</Filter>
    </ClCompile>
    <ClCompile Include="yhScene.cpp">
      <Filter>Engine\Scene</Filter>
    </ClCompile>
    <ClCompile Include="yhComponent.cpp">
      <Filter>Engine\Component</Filter>
    </ClCompile>
    <ClCompile Include="yhTransform.cpp">
      <Filter>Engine\Component\Transform</Filter>
    </ClCompile>
    <ClCompile Include="yhSpriteRenderer.cpp">
      <Filter>Engine\Component\SpriteRenderer</Filter>
    </ClCompile>
    <ClCompile Include="yhPlayer.cpp">
      <Filter>Contents\GameObject\Player</Filter>
    </ClCompile>
    <ClCompile Include="yhTitle.cpp">
      <Filter>Contents\Scene</Filter>
    </ClCompile>
    <ClCompile Include="yhSceneManager.cpp">
      <Filter>Engine\Scene</Filter>
    </ClCompile>
    <ClCompile Include="yhPlay.cpp">
      <Filter>Contents\Scene</Filter>
    </ClCompile>
    <ClCompile Include="yhSceneChanger.cpp">
      <Filter>Contents\GameObject</Filter>
    </ClCompile>
    <ClCompile Include="yhHouse.cpp">
      <Filter>Contents\Scene</Filter>
    </ClCompile>
    <ClCompile Include="yhGameObject.cpp">
      <Filter>Engine\GameObject</Filter>
    </ClCompile>
    <ClCompile Include="yhResource.cpp">
      <Filter>Engine\Resource</Filter>
    </ClCompile>
    <ClCompile Include="yhResources.cpp">
      <Filter>Engine\Resource</Filter>
    </ClCompile>
    <ClCompile Include="yhTexture.cpp">
      <Filter>Engine\Resource\Texture</Filter>
    </ClCompile>
    <ClCompile Include="yhMath.cpp">
      <Filter>Engine\CommonInclude</Filter>
    </ClCompile>
    <ClCompile Include="yhBackGround.cpp">
      <Filter>Contents\GameObject\BackGround</Filter>
    </ClCompile>
    <ClCompile Include="yhAnimation.cpp">
      <Filter>Engine\Resource\Animation</Filter>
    </ClCompile>
    <ClCompile Include="yhAnimator.cpp">
      <Filter>Engine\Component\Animator</Filter>
    </ClCompile>
    <ClCompile Include="yhCamera.cpp">
      <Filter>Engine\Camera</Filter>
    </ClCompile>
    <ClCompile Include="yhTitleAnimation.cpp">
      <Filter>Contents\Scene</Filter>
    </ClCompile>
    <ClCompile Include="yhBackGroundAnimation.cpp">
      <Filter>Contents\GameObject\BackGround</Filter>
    </ClCompile>
    <ClCompile Include="yhFadeInBackground.cpp">
      <Filter>Contents\GameObject\BackGround</Filter>
    </ClCompile>
    <ClCompile Include="yhSwordBG.cpp">
      <Filter>Contents\GameObject\BackGround</Filter>
    </ClCompile>
    <ClCompile Include="yhCollider.cpp">
      <Filter>Engine\Collider</Filter>
    </ClCompile>
    <ClCompile Include="yhCollisionManager.cpp">
      <Filter>Engine\Collision</Filter>
    </ClCompile>
    <ClCompile Include="yhPlayerSword.cpp">
      <Filter>Contents\GameObject\Player</Filter>
    </ClCompile>
    <ClCompile Include="yhPlayerShield.cpp">
      <Filter>Contents\GameObject\Player</Filter>
    </ClCompile>
    <ClCompile Include="yhObstacle.cpp">
      <Filter>Contents\GameObject\Interaction</Filter>
    </ClCompile>
    <ClCompile Include="yhPitFall.cpp">
      <Filter>Contents\GameObject\Interaction</Filter>
    </ClCompile>
    <ClCompile Include="yhRigidbody.cpp">
      <Filter>Engine\Component\Rigidbody</Filter>
    </ClCompile>
    <ClCompile Include="yhToolScene.cpp">
      <Filter>Contents\Scene</Filter>
    </ClCompile>
    <ClCompile Include="yhTile.cpp">
      <Filter>Tool</Filter>
    </ClCompile>
    <ClCompile Include="yhGreenKnight.cpp">
      <Filter>Contents\GameObject\Monster</Filter>
    </ClCompile>
    <ClCompile Include="yhSound.cpp">
      <Filter>Engine\Sound</Filter>
    </ClCompile>
    <ClCompile Include="yhSoundManager.cpp">
      <Filter>Engine\Sound</Filter>
    </ClCompile>
    <ClCompile Include="yhMana.cpp">
      <Filter>Contents\GameObject\UI</Filter>
    </ClCompile>
    <ClCompile Include="yhWall.cpp">
      <Filter>Contents\GameObject\Interaction</Filter>
    </ClCompile>
    <ClCompile Include="yhManaPoint.cpp">
      <Filter>Contents\GameObject\Interaction</Filter>
    </ClCompile>
    <ClCompile Include="yhThrowing.cpp">
      <Filter>Contents\GameObject\Player</Filter>
    </ClCompile>
    <ClCompile Include="yhHpInterface.cpp">
      <Filter>Contents\GameObject\UI</Filter>
    </ClCompile>
    <ClCompile Include="yhPlayerTemplate.cpp">
      <Filter>Contents\Scene</Filter>
    </ClCompile>
    <ClCompile Include="yhLifeUI.cpp">
      <Filter>Contents\GameObject\UI</Filter>
    </ClCompile>
    <ClCompile Include="yhArrow.cpp">
      <Filter>Contents\GameObject\UI</Filter>
    </ClCompile>
    <ClCompile Include="yhBomb.cpp">
      <Filter>Contents\GameObject\UI</Filter>
    </ClCompile>
    <ClCompile Include="yhRupeeUI.cpp">
      <Filter>Contents\GameObject\UI</Filter>
    </ClCompile>
    <ClCompile Include="yhCurItem.cpp">
      <Filter>Contents\GameObject\UI</Filter>
    </ClCompile>
    <ClCompile Include="yhNumber.cpp">
      <Filter>Contents\GameObject\UI</Filter>
    </ClCompile>
    <ClCompile Include="yhBasicUITemplate.cpp">
      <Filter>Contents\GameObject\Interaction</Filter>
    </ClCompile>
    <ClCompile Include="yhAsciiRender.cpp">
      <Filter>Contents\GameObject\Interaction</Filter>
    </ClCompile>
    <ClCompile Include="yhGrass.cpp">
      <Filter>Contents\GameObject\Interaction</Filter>
    </ClCompile>
    <ClCompile Include="yhNearHouseScene.cpp">
      <Filter>Contents\Scene</Filter>
    </ClCompile>
    <ClCompile Include="yhInsideCastleFirst.cpp">
      <Filter>Contents\Scene</Filter>
    </ClCompile>
    <ClCompile Include="yhInsideCastleSecond.cpp">
      <Filter>Contents\Scene</Filter>
    </ClCompile>
    <ClCompile Include="yhMapChanger.cpp">
      <Filter>Contents\GameObject\Interaction</Filter>
    </ClCompile>
    <ClCompile Include="yhStair.cpp">
      <Filter>Contents\GameObject\Interaction</Filter>
    </ClCompile>
    <ClCompile Include="yhStep.cpp">
      <Filter>Contents\GameObject\Interaction</Filter>
    </ClCompile>
    <ClCompile Include="yhInsideCastleThird.cpp">
      <Filter>Contents\Scene</Filter>
    </ClCompile>
    <ClCompile Include="yhGrandpa.cpp">
      <Filter>Contents\GameObject\NPC</Filter>
    </ClCompile>
    <ClCompile Include="yhGetSwordScene.cpp">
      <Filter>Contents\Scene</Filter>
    </ClCompile>
    <ClCompile Include="yhInventory.cpp">
      <Filter>Contents\GameObject\UI</Filter>
    </ClCompile>
    <ClCompile Include="yhBoomerang.cpp">
      <Filter>Contents\GameObject\Player</Filter>
    </ClCompile>
    <ClCompile Include="yhMonsterTemplate.cpp">
      <Filter>Contents\GameObject\Monster</Filter>
    </ClCompile>
    <ClCompile Include="yhBlueKnight.cpp">
      <Filter>Contents\GameObject\Monster</Filter>
    </ClCompile>
    <ClCompile Include="yhGroundSword.cpp">
      <Filter>Contents\GameObject\Interaction</Filter>
    </ClCompile>
    <ClCompile Include="yhEmptyGrass.cpp">
      <Filter>Contents\GameObject\Interaction</Filter>
    </ClCompile>
    <ClCompile Include="yhArrowProjectile.cpp">
      <Filter>Contents\GameObject\Interaction</Filter>
    </ClCompile>
    <ClCompile Include="yhPlayerGrass.cpp">
      <Filter>Contents\GameObject\Interaction</Filter>
    </ClCompile>
    <ClCompile Include="yhArrghus.cpp">
      <Filter>Contents\GameObject\BossMonster</Filter>
    </ClCompile>
    <ClCompile Include="yhClutch.cpp">
      <Filter>Contents\GameObject\Player</Filter>
    </ClCompile>
    <ClCompile Include="yhArrghusScene.cpp">
      <Filter>Contents\Scene</Filter>
    </ClCompile>
    <ClCompile Include="yhClutchParts.cpp">
      <Filter>Contents\GameObject\Player</Filter>
    </ClCompile>
    <ClCompile Include="yhArrghusPiece.cpp">
      <Filter>Contents\GameObject\BossMonster</Filter>
    </ClCompile>
    <ClCompile Include="yhHeartContainer.cpp">
      <Filter>Contents\GameObject\Interaction</Filter>
    </ClCompile>
    <ClCompile Include="yhChicken.cpp">
      <Filter>Contents\GameObject\Monster</Filter>
    </ClCompile>
    <ClCompile Include="yhArrghusShadow.cpp">
      <Filter>Contents\GameObject\BossMonster</Filter>
    </ClCompile>
    <ClCompile Include="yhGanonScene.cpp">
      <Filter>Contents\Scene</Filter>
    </ClCompile>
    <ClCompile Include="yhGanon.cpp">
      <Filter>Contents\GameObject\BossMonster</Filter>
    </ClCompile>
    <ClCompile Include="yhGanonFireBats.cpp">
      <Filter>Contents\GameObject\BossMonster</Filter>
    </ClCompile>
    <ClCompile Include="yhGanonTrident.cpp">
      <Filter>Contents\GameObject\BossMonster</Filter>
    </ClCompile>
    <ClCompile Include="yhBatsFlame.cpp">
      <Filter>Contents\GameObject\BossMonster</Filter>
    </ClCompile>
    <ClCompile Include="yhBgmManager.cpp">
      <Filter>Contents\GameObject\Sound</Filter>
    </ClCompile>
    <ClCompile Include="yhZelda.cpp">
      <Filter>Contents\GameObject\NPC</Filter>
    </ClCompile>
    <ClCompile Include="yhEndingScene.cpp">
      <Filter>Contents\Scene</Filter>
    </ClCompile>
  </ItemGroup>
</Project>