<?xml version="1.0" encoding="utf-8"?>
<Project ToolsVersion="4.0" xmlns="http://schemas.microsoft.com/developer/msbuild/2003">
  <ItemGroup>
    <Filter Include="Windows">
      <UniqueIdentifier>{58ec4708-7e61-4c0e-8935-8d59fc633b2e}</UniqueIdentifier>
    </Filter>
    <Filter Include="Windows\Header">
      <UniqueIdentifier>{37e18be1-b2b6-4e8b-8671-83601d11c24a}</UniqueIdentifier>
    </Filter>
    <Filter Include="Windows\Resource">
      <UniqueIdentifier>{69d1f3b0-9aec-4314-96f6-4850e700ad8a}</UniqueIdentifier>
    </Filter>
    <Filter Include="Engine">
      <UniqueIdentifier>{8ae76d58-ef78-4aa4-8ecc-5f410c645d29}</UniqueIdentifier>
    </Filter>
    <Filter Include="Engine\CommonInclude">
      <UniqueIdentifier>{137d7a4e-e028-428d-b949-69f74f211d1a}</UniqueIdentifier>
    </Filter>
    <Filter Include="Engine\Scene">
      <UniqueIdentifier>{9a60c56a-73c7-4ac4-bf61-d93242025b84}</UniqueIdentifier>
    </Filter>
    <Filter Include="Engine\Layer">
      <UniqueIdentifier>{4999fe60-e4ae-4927-b0c0-277c849a291d}</UniqueIdentifier>
    </Filter>
    <Filter Include="Engine\Input">
      <UniqueIdentifier>{644707dc-2ce4-4ba4-8e0f-4a4f739a3c88}</UniqueIdentifier>
    </Filter>
    <Filter Include="Engine\HIgh Level Interface">
      <UniqueIdentifier>{4a6c47cf-ef34-4720-9bce-5ad239856d3b}</UniqueIdentifier>
    </Filter>
    <Filter Include="Engine\Entity">
      <UniqueIdentifier>{09fd93e1-5afa-46ae-b50d-6072c5a7f81c}</UniqueIdentifier>
    </Filter>
    <Filter Include="Engine\Component">
      <UniqueIdentifier>{b0d4dbad-c337-4c39-bb1c-b5941f4b535e}</UniqueIdentifier>
    </Filter>
    <Filter Include="Engine\Component\SpriteRenderer">
      <UniqueIdentifier>{bf8f3038-30f6-435f-9151-58066458a6f1}</UniqueIdentifier>
    </Filter>
    <Filter Include="Contents">
      <UniqueIdentifier>{316aae36-e5c6-4120-ab0e-288f998601e3}</UniqueIdentifier>
    </Filter>
    <Filter Include="Contents\Scene">
      <UniqueIdentifier>{6a8e3511-bca6-4521-beb1-8c310b9862b5}</UniqueIdentifier>
    </Filter>
    <Filter Include="Contents\GameObject">
      <UniqueIdentifier>{ac86876d-09c7-4490-943d-7044b2b1e1c5}</UniqueIdentifier>
    </Filter>
    <Filter Include="Contents\GameObject\Player">
      <UniqueIdentifier>{ce01551d-13ef-47fd-aeec-8782179ffa81}</UniqueIdentifier>
    </Filter>
    <Filter Include="Engine\Component\Transform">
      <UniqueIdentifier>{97f5e6e4-c22a-42a3-8171-757e7e4c9f76}</UniqueIdentifier>
    </Filter>
    <Filter Include="Engine\GameObject">
      <UniqueIdentifier>{b7c1a0df-9335-4f25-88cc-8d7c8e1841d7}</UniqueIdentifier>
    </Filter>
    <Filter Include="Engine\CommonInclude\Time">
      <UniqueIdentifier>{1ac038a7-c85c-46d8-92f0-ace3828af515}</UniqueIdentifier>
    </Filter>
    <Filter Include="Engine\Resource">
      <UniqueIdentifier>{57f9bdde-3012-42b5-ab75-98d18e6fd4c2}</UniqueIdentifier>
    </Filter>
    <Filter Include="Engine\Resource\image">
      <UniqueIdentifier>{1c1b9d7a-4737-4df3-b170-07d2b1513cfb}</UniqueIdentifier>
    </Filter>
    <Filter Include="Contents\GameObject\BackGround">
      <UniqueIdentifier>{58437397-bd26-46fd-a2f8-897d60d3847c}</UniqueIdentifier>
    </Filter>
    <Filter Include="Engine\Component\Animator">
      <UniqueIdentifier>{8b7e3ad4-b7f6-4385-b646-dc55bc77c0d7}</UniqueIdentifier>
    </Filter>
    <Filter Include="Engine\Resource\Animation">
      <UniqueIdentifier>{ca915eda-ed45-46d9-906d-727987b2fdcf}</UniqueIdentifier>
    </Filter>
    <Filter Include="Engine\Camera">
      <UniqueIdentifier>{2cc24a19-6fe1-4d18-80ef-91237ffa1a9c}</UniqueIdentifier>
    </Filter>
  </ItemGroup>
  <ItemGroup>
    <ClInclude Include="framework.h">
      <Filter>Windows\Header</Filter>
    </ClInclude>
    <ClInclude Include="GameProject.h">
      <Filter>Windows\Header</Filter>
    </ClInclude>
    <ClInclude Include="Resource.h">
      <Filter>Windows\Header</Filter>
    </ClInclude>
    <ClInclude Include="targetver.h">
      <Filter>Windows\Header</Filter>
    </ClInclude>
    <ClInclude Include="yhMath.h">
      <Filter>Engine\CommonInclude</Filter>
    </ClInclude>
    <ClInclude Include="CommonInclude.h">
      <Filter>Engine\CommonInclude</Filter>
    </ClInclude>
    <ClInclude Include="yhTime.h">
      <Filter>Engine\CommonInclude\Time</Filter>
    </ClInclude>
    <ClInclude Include="yhApplication.h">
      <Filter>Engine\HIgh Level Interface</Filter>
    </ClInclude>
    <ClInclude Include="yhInput.h">
      <Filter>Engine\Input</Filter>
    </ClInclude>
    <ClInclude Include="yhEntity.h">
      <Filter>Engine\Entity</Filter>
    </ClInclude>
    <ClInclude Include="yhLayer.h">
      <Filter>Engine\Layer</Filter>
    </ClInclude>
    <ClInclude Include="yhScene.h">
      <Filter>Engine\Scene</Filter>
    </ClInclude>
    <ClInclude Include="yhComponent.h">
      <Filter>Engine\Component</Filter>
    </ClInclude>
    <ClInclude Include="yhTransform.h">
      <Filter>Engine\Component\Transform</Filter>
    </ClInclude>
    <ClInclude Include="yhSpriteRenderer.h">
      <Filter>Engine\Component\SpriteRenderer</Filter>
    </ClInclude>
    <ClInclude Include="yhPlayer.h">
      <Filter>Contents\GameObject\Player</Filter>
    </ClInclude>
    <ClInclude Include="yhTitle.h">
      <Filter>Contents\Scene</Filter>
    </ClInclude>
    <ClInclude Include="yhSceneManager.h">
      <Filter>Engine\Scene</Filter>
    </ClInclude>
    <ClInclude Include="yhPlay.h">
      <Filter>Contents\Scene</Filter>
    </ClInclude>
    <ClInclude Include="yhSceneChanger.h">
      <Filter>Contents\GameObject</Filter>
    </ClInclude>
    <ClInclude Include="yhEnding.h">
      <Filter>Contents\Scene</Filter>
    </ClInclude>
    <ClInclude Include="yhGameObject.h">
      <Filter>Engine\GameObject</Filter>
    </ClInclude>
    <ClInclude Include="yhResource.h">
      <Filter>Engine\Resource</Filter>
    </ClInclude>
    <ClInclude Include="yhResources.h">
      <Filter>Engine\Resource</Filter>
    </ClInclude>
    <ClInclude Include="yhTexture.h">
      <Filter>Engine\Resource\image</Filter>
    </ClInclude>
    <ClInclude Include="yhBackGround.h">
      <Filter>Contents\GameObject\BackGround</Filter>
    </ClInclude>
    <ClInclude Include="yhNameInput.h">
      <Filter>Contents\Scene</Filter>
    </ClInclude>
    <ClInclude Include="yhAnimation.h">
      <Filter>Engine\Resource\Animation</Filter>
    </ClInclude>
    <ClInclude Include="yhAnimator.h">
      <Filter>Engine\Component\Animator</Filter>
    </ClInclude>
    <ClInclude Include="yhCamera.h">
      <Filter>Engine\Camera</Filter>
    </ClInclude>
    <ClInclude Include="yhObject.h">
      <Filter>Engine\GameObject</Filter>
    </ClInclude>
  </ItemGroup>
  <ItemGroup>
    <Image Include="GameProject.ico">
      <Filter>Windows\Resource</Filter>
    </Image>
    <Image Include="small.ico">
      <Filter>Windows\Resource</Filter>
    </Image>
  </ItemGroup>
  <ItemGroup>
    <ResourceCompile Include="GameProject.rc">
      <Filter>Windows\Resource</Filter>
    </ResourceCompile>
  </ItemGroup>
  <ItemGroup>
    <ClCompile Include="main.cpp" />
    <ClCompile Include="yhTime.cpp">
      <Filter>Engine\CommonInclude\Time</Filter>
    </ClCompile>
    <ClCompile Include="yhApplication.cpp">
      <Filter>Engine\HIgh Level Interface</Filter>
    </ClCompile>
    <ClCompile Include="yhInput.cpp">
      <Filter>Engine\Input</Filter>
    </ClCompile>
    <ClCompile Include="yhEntity.cpp">
      <Filter>Engine\Entity</Filter>
    </ClCompile>
    <ClCompile Include="yhLayer.cpp">
      <Filter>Engine\Layer</Filter>
    </ClCompile>
    <ClCompile Include="yhScene.cpp">
      <Filter>Engine\Scene</Filter>
    </ClCompile>
    <ClCompile Include="yhComponent.cpp">
      <Filter>Engine\Component</Filter>
    </ClCompile>
    <ClCompile Include="yhTransform.cpp">
      <Filter>Engine\Component\Transform</Filter>
    </ClCompile>
    <ClCompile Include="yhSpriteRenderer.cpp">
      <Filter>Engine\Component\SpriteRenderer</Filter>
    </ClCompile>
    <ClCompile Include="yhPlayer.cpp">
      <Filter>Contents\GameObject\Player</Filter>
    </ClCompile>
    <ClCompile Include="yhTitle.cpp">
      <Filter>Contents\Scene</Filter>
    </ClCompile>
    <ClCompile Include="yhSceneManager.cpp">
      <Filter>Engine\Scene</Filter>
    </ClCompile>
    <ClCompile Include="yhPlay.cpp">
      <Filter>Contents\Scene</Filter>
    </ClCompile>
    <ClCompile Include="yhSceneChanger.cpp">
      <Filter>Contents\GameObject</Filter>
    </ClCompile>
    <ClCompile Include="yhEnding.cpp">
      <Filter>Contents\Scene</Filter>
    </ClCompile>
    <ClCompile Include="yhGameObject.cpp">
      <Filter>Engine\GameObject</Filter>
    </ClCompile>
    <ClCompile Include="yhResource.cpp">
      <Filter>Engine\Resource</Filter>
    </ClCompile>
    <ClCompile Include="yhResources.cpp">
      <Filter>Engine\Resource</Filter>
    </ClCompile>
    <ClCompile Include="yhTexture.cpp">
      <Filter>Engine\Resource\image</Filter>
    </ClCompile>
    <ClCompile Include="yhMath.cpp">
      <Filter>Engine\CommonInclude</Filter>
    </ClCompile>
    <ClCompile Include="yhBackGround.cpp">
      <Filter>Contents\GameObject\BackGround</Filter>
    </ClCompile>
    <ClCompile Include="yhNameInput.cpp">
      <Filter>Contents\Scene</Filter>
    </ClCompile>
    <ClCompile Include="yhAnimation.cpp">
      <Filter>Engine\Resource\Animation</Filter>
    </ClCompile>
    <ClCompile Include="yhAnimator.cpp">
      <Filter>Engine\Component\Animator</Filter>
    </ClCompile>
    <ClCompile Include="yhCamera.cpp">
      <Filter>Engine\Camera</Filter>
    </ClCompile>
  </ItemGroup>
</Project>